// !$*UTF8*$!
{
	archiveVersion = 1;
	classes = {
	};
	objectVersion = 77;
	objects = {

/* Begin PBXContainerItemProxy section */
		F83D5A2B2E07684C00CE5566 /* PBXContainerItemProxy */ = {
			isa = PBXContainerItemProxy;
			containerPortal = F883C1DA2E03067300364D4E /* Project object */;
			proxyType = 1;
			remoteGlobalIDString = F883C1E12E03067300364D4E;
			remoteInfo = MercadoLibreMobileChallenge;
		};
		F8D8DEAD2E07861900D3DB26 /* PBXContainerItemProxy */ = {
			isa = PBXContainerItemProxy;
			containerPortal = F883C1DA2E03067300364D4E /* Project object */;
			proxyType = 1;
			remoteGlobalIDString = F883C1E12E03067300364D4E;
			remoteInfo = MercadoLibreMobileChallenge;
		};
/* End PBXContainerItemProxy section */

/* Begin PBXFileReference section */
		F83D5A272E07684C00CE5566 /* MercadoLibreMobileChallengeTests.xctest */ = {isa = PBXFileReference; explicitFileType = wrapper.cfbundle; includeInIndex = 0; path = MercadoLibreMobileChallengeTests.xctest; sourceTree = BUILT_PRODUCTS_DIR; };
		F883C1E22E03067300364D4E /* MercadoLibreMobileChallenge.app */ = {isa = PBXFileReference; explicitFileType = wrapper.application; includeInIndex = 0; path = MercadoLibreMobileChallenge.app; sourceTree = BUILT_PRODUCTS_DIR; };
		F8D8DEA72E07861800D3DB26 /* MercadoLibreMobileChallengeUITests.xctest */ = {isa = PBXFileReference; explicitFileType = wrapper.cfbundle; includeInIndex = 0; path = MercadoLibreMobileChallengeUITests.xctest; sourceTree = BUILT_PRODUCTS_DIR; };
/* End PBXFileReference section */

/* Begin PBXFileSystemSynchronizedRootGroup section */
		F83D5A282E07684C00CE5566 /* MercadoLibreMobileChallengeTests */ = {
			isa = PBXFileSystemSynchronizedRootGroup;
			path = MercadoLibreMobileChallengeTests;
			sourceTree = "<group>";
		};
		F883C1E42E03067300364D4E /* MercadoLibreMobileChallenge */ = {
			isa = PBXFileSystemSynchronizedRootGroup;
			path = MercadoLibreMobileChallenge;
			sourceTree = "<group>";
		};
		F8D8DEA82E07861900D3DB26 /* MercadoLibreMobileChallengeUITests */ = {
			isa = PBXFileSystemSynchronizedRootGroup;
			path = MercadoLibreMobileChallengeUITests;
			sourceTree = "<group>";
		};
/* End PBXFileSystemSynchronizedRootGroup section */

/* Begin PBXFrameworksBuildPhase section */
		F83D5A242E07684C00CE5566 /* Frameworks */ = {
			isa = PBXFrameworksBuildPhase;
			buildActionMask = 2147483647;
			files = (
			);
			runOnlyForDeploymentPostprocessing = 0;
		};
		F883C1DF2E03067300364D4E /* Frameworks */ = {
			isa = PBXFrameworksBuildPhase;
			buildActionMask = 2147483647;
			files = (
			);
			runOnlyForDeploymentPostprocessing = 0;
		};
		F8D8DEA42E07861800D3DB26 /* Frameworks */ = {
			isa = PBXFrameworksBuildPhase;
			buildActionMask = 2147483647;
			files = (
			);
			runOnlyForDeploymentPostprocessing = 0;
		};
/* End PBXFrameworksBuildPhase section */

/* Begin PBXGroup section */
		F883C1D92E03067300364D4E = {
			isa = PBXGroup;
			children = (
				F883C1E42E03067300364D4E /* MercadoLibreMobileChallenge */,
				F83D5A282E07684C00CE5566 /* MercadoLibreMobileChallengeTests */,
				F8D8DEA82E07861900D3DB26 /* MercadoLibreMobileChallengeUITests */,
				F883C1E32E03067300364D4E /* Products */,
			);
			sourceTree = "<group>";
		};
		F883C1E32E03067300364D4E /* Products */ = {
			isa = PBXGroup;
			children = (
				F883C1E22E03067300364D4E /* MercadoLibreMobileChallenge.app */,
				F83D5A272E07684C00CE5566 /* MercadoLibreMobileChallengeTests.xctest */,
				F8D8DEA72E07861800D3DB26 /* MercadoLibreMobileChallengeUITests.xctest */,
			);
			name = Products;
			sourceTree = "<group>";
		};
/* End PBXGroup section */

/* Begin PBXNativeTarget section */
		F83D5A262E07684C00CE5566 /* MercadoLibreMobileChallengeTests */ = {
			isa = PBXNativeTarget;
			buildConfigurationList = F83D5A2D2E07684C00CE5566 /* Build configuration list for PBXNativeTarget "MercadoLibreMobileChallengeTests" */;
			buildPhases = (
				F83D5A232E07684C00CE5566 /* Sources */,
				F83D5A242E07684C00CE5566 /* Frameworks */,
				F83D5A252E07684C00CE5566 /* Resources */,
			);
			buildRules = (
			);
			dependencies = (
				F83D5A2C2E07684C00CE5566 /* PBXTargetDependency */,
			);
			fileSystemSynchronizedGroups = (
				F83D5A282E07684C00CE5566 /* MercadoLibreMobileChallengeTests */,
			);
			name = MercadoLibreMobileChallengeTests;
			packageProductDependencies = (
			);
			productName = MercadoLibreMobileChallengeTests;
			productReference = F83D5A272E07684C00CE5566 /* MercadoLibreMobileChallengeTests.xctest */;
			productType = "com.apple.product-type.bundle.unit-test";
		};
		F883C1E12E03067300364D4E /* MercadoLibreMobileChallenge */ = {
			isa = PBXNativeTarget;
			buildConfigurationList = F883C1ED2E03067400364D4E /* Build configuration list for PBXNativeTarget "MercadoLibreMobileChallenge" */;
			buildPhases = (
				F883C1DE2E03067300364D4E /* Sources */,
				F883C1DF2E03067300364D4E /* Frameworks */,
				F883C1E02E03067300364D4E /* Resources */,
			);
			buildRules = (
			);
			dependencies = (
			);
			fileSystemSynchronizedGroups = (
				F883C1E42E03067300364D4E /* MercadoLibreMobileChallenge */,
			);
			name = MercadoLibreMobileChallenge;
			packageProductDependencies = (
			);
			productName = MercadoLibreMobileChallenge;
			productReference = F883C1E22E03067300364D4E /* MercadoLibreMobileChallenge.app */;
			productType = "com.apple.product-type.application";
		};
		F8D8DEA62E07861800D3DB26 /* MercadoLibreMobileChallengeUITests */ = {
			isa = PBXNativeTarget;
			buildConfigurationList = F8D8DEAF2E07861900D3DB26 /* Build configuration list for PBXNativeTarget "MercadoLibreMobileChallengeUITests" */;
			buildPhases = (
				F8D8DEA32E07861800D3DB26 /* Sources */,
				F8D8DEA42E07861800D3DB26 /* Frameworks */,
				F8D8DEA52E07861800D3DB26 /* Resources */,
			);
			buildRules = (
			);
			dependencies = (
				F8D8DEAE2E07861900D3DB26 /* PBXTargetDependency */,
			);
			fileSystemSynchronizedGroups = (
				F8D8DEA82E07861900D3DB26 /* MercadoLibreMobileChallengeUITests */,
			);
			name = MercadoLibreMobileChallengeUITests;
			packageProductDependencies = (
			);
			productName = MercadoLibreMobileChallengeUITests;
			productReference = F8D8DEA72E07861800D3DB26 /* MercadoLibreMobileChallengeUITests.xctest */;
			productType = "com.apple.product-type.bundle.ui-testing";
		};
/* End PBXNativeTarget section */

/* Begin PBXProject section */
		F883C1DA2E03067300364D4E /* Project object */ = {
			isa = PBXProject;
			attributes = {
				BuildIndependentTargetsInParallel = 1;
				LastSwiftUpdateCheck = 1640;
				LastUpgradeCheck = 1630;
				TargetAttributes = {
					F83D5A262E07684C00CE5566 = {
						CreatedOnToolsVersion = 16.4;
						TestTargetID = F883C1E12E03067300364D4E;
					};
					F883C1E12E03067300364D4E = {
						CreatedOnToolsVersion = 16.3;
					};
					F8D8DEA62E07861800D3DB26 = {
						CreatedOnToolsVersion = 16.4;
						TestTargetID = F883C1E12E03067300364D4E;
					};
				};
			};
			buildConfigurationList = F883C1DD2E03067300364D4E /* Build configuration list for PBXProject "MercadoLibreMobileChallenge" */;
			developmentRegion = en;
			hasScannedForEncodings = 0;
			knownRegions = (
				en,
				Base,
			);
			mainGroup = F883C1D92E03067300364D4E;
			minimizedProjectReferenceProxies = 1;
			preferredProjectObjectVersion = 77;
			productRefGroup = F883C1E32E03067300364D4E /* Products */;
			projectDirPath = "";
			projectRoot = "";
			targets = (
				F883C1E12E03067300364D4E /* MercadoLibreMobileChallenge */,
				F83D5A262E07684C00CE5566 /* MercadoLibreMobileChallengeTests */,
				F8D8DEA62E07861800D3DB26 /* MercadoLibreMobileChallengeUITests */,
			);
		};
/* End PBXProject section */

/* Begin PBXResourcesBuildPhase section */
		F83D5A252E07684C00CE5566 /* Resources */ = {
			isa = PBXResourcesBuildPhase;
			buildActionMask = 2147483647;
			files = (
			);
			runOnlyForDeploymentPostprocessing = 0;
		};
		F883C1E02E03067300364D4E /* Resources */ = {
			isa = PBXResourcesBuildPhase;
			buildActionMask = 2147483647;
			files = (
			);
			runOnlyForDeploymentPostprocessing = 0;
		};
		F8D8DEA52E07861800D3DB26 /* Resources */ = {
			isa = PBXResourcesBuildPhase;
			buildActionMask = 2147483647;
			files = (
			);
			runOnlyForDeploymentPostprocessing = 0;
		};
/* End PBXResourcesBuildPhase section */

/* Begin PBXSourcesBuildPhase section */
		F83D5A232E07684C00CE5566 /* Sources */ = {
			isa = PBXSourcesBuildPhase;
			buildActionMask = 2147483647;
			files = (
			);
			runOnlyForDeploymentPostprocessing = 0;
		};
		F883C1DE2E03067300364D4E /* Sources */ = {
			isa = PBXSourcesBuildPhase;
			buildActionMask = 2147483647;
			files = (
			);
			runOnlyForDeploymentPostprocessing = 0;
		};
		F8D8DEA32E07861800D3DB26 /* Sources */ = {
			isa = PBXSourcesBuildPhase;
			buildActionMask = 2147483647;
			files = (
			);
			runOnlyForDeploymentPostprocessing = 0;
		};
/* End PBXSourcesBuildPhase section */

/* Begin PBXTargetDependency section */
		F83D5A2C2E07684C00CE5566 /* PBXTargetDependency */ = {
			isa = PBXTargetDependency;
			target = F883C1E12E03067300364D4E /* MercadoLibreMobileChallenge */;
			targetProxy = F83D5A2B2E07684C00CE5566 /* PBXContainerItemProxy */;
		};
		F8D8DEAE2E07861900D3DB26 /* PBXTargetDependency */ = {
			isa = PBXTargetDependency;
			target = F883C1E12E03067300364D4E /* MercadoLibreMobileChallenge */;
			targetProxy = F8D8DEAD2E07861900D3DB26 /* PBXContainerItemProxy */;
		};
/* End PBXTargetDependency section */

/* Begin XCBuildConfiguration section */
		F83D5A2E2E07684C00CE5566 /* Debug */ = {
			isa = XCBuildConfiguration;
			buildSettings = {
				BUNDLE_LOADER = "$(TEST_HOST)";
				CODE_SIGN_STYLE = Automatic;
				CURRENT_PROJECT_VERSION = 1;
				DEVELOPMENT_TEAM = WW5K829KP9;
				GENERATE_INFOPLIST_FILE = YES;
				IPHONEOS_DEPLOYMENT_TARGET = 18.5;
				MARKETING_VERSION = 1.0;
				PRODUCT_BUNDLE_IDENTIFIER = com.DanielBeltran.MercadoLibreMobileChallengeTests;
				PRODUCT_NAME = "$(TARGET_NAME)";
				SWIFT_EMIT_LOC_STRINGS = NO;
				SWIFT_VERSION = 5.0;
				TARGETED_DEVICE_FAMILY = "1,2";
				TEST_HOST = "$(BUILT_PRODUCTS_DIR)/MercadoLibreMobileChallenge.app/$(BUNDLE_EXECUTABLE_FOLDER_PATH)/MercadoLibreMobileChallenge";
			};
			name = Debug;
		};
		F83D5A2F2E07684C00CE5566 /* Release */ = {
			isa = XCBuildConfiguration;
			buildSettings = {
				BUNDLE_LOADER = "$(TEST_HOST)";
				CODE_SIGN_STYLE = Automatic;
				CURRENT_PROJECT_VERSION = 1;
				DEVELOPMENT_TEAM = WW5K829KP9;
				GENERATE_INFOPLIST_FILE = YES;
				IPHONEOS_DEPLOYMENT_TARGET = 18.5;
				MARKETING_VERSION = 1.0;
				PRODUCT_BUNDLE_IDENTIFIER = com.DanielBeltran.MercadoLibreMobileChallengeTests;
				PRODUCT_NAME = "$(TARGET_NAME)";
				SWIFT_EMIT_LOC_STRINGS = NO;
				SWIFT_VERSION = 5.0;
				TARGETED_DEVICE_FAMILY = "1,2";
				TEST_HOST = "$(BUILT_PRODUCTS_DIR)/MercadoLibreMobileChallenge.app/$(BUNDLE_EXECUTABLE_FOLDER_PATH)/MercadoLibreMobileChallenge";
			};
			name = Release;
		};
		F883C1EB2E03067400364D4E /* Debug */ = {
			isa = XCBuildConfiguration;
			buildSettings = {
				ALWAYS_SEARCH_USER_PATHS = NO;
				ASSETCATALOG_COMPILER_GENERATE_SWIFT_ASSET_SYMBOL_EXTENSIONS = YES;
				CLANG_ANALYZER_NONNULL = YES;
				CLANG_ANALYZER_NUMBER_OBJECT_CONVERSION = YES_AGGRESSIVE;
				CLANG_CXX_LANGUAGE_STANDARD = "gnu++20";
				CLANG_ENABLE_MODULES = YES;
				CLANG_ENABLE_OBJC_ARC = YES;
				CLANG_ENABLE_OBJC_WEAK = YES;
				CLANG_WARN_BLOCK_CAPTURE_AUTORELEASING = YES;
				CLANG_WARN_BOOL_CONVERSION = YES;
				CLANG_WARN_COMMA = YES;
				CLANG_WARN_CONSTANT_CONVERSION = YES;
				CLANG_WARN_DEPRECATED_OBJC_IMPLEMENTATIONS = YES;
				CLANG_WARN_DIRECT_OBJC_ISA_USAGE = YES_ERROR;
				CLANG_WARN_DOCUMENTATION_COMMENTS = YES;
				CLANG_WARN_EMPTY_BODY = YES;
				CLANG_WARN_ENUM_CONVERSION = YES;
				CLANG_WARN_INFINITE_RECURSION = YES;
				CLANG_WARN_INT_CONVERSION = YES;
				CLANG_WARN_NON_LITERAL_NULL_CONVERSION = YES;
				CLANG_WARN_OBJC_IMPLICIT_RETAIN_SELF = YES;
				CLANG_WARN_OBJC_LITERAL_CONVERSION = YES;
				CLANG_WARN_OBJC_ROOT_CLASS = YES_ERROR;
				CLANG_WARN_QUOTED_INCLUDE_IN_FRAMEWORK_HEADER = YES;
				CLANG_WARN_RANGE_LOOP_ANALYSIS = YES;
				CLANG_WARN_STRICT_PROTOTYPES = YES;
				CLANG_WARN_SUSPICIOUS_MOVE = YES;
				CLANG_WARN_UNGUARDED_AVAILABILITY = YES_AGGRESSIVE;
				CLANG_WARN_UNREACHABLE_CODE = YES;
				CLANG_WARN__DUPLICATE_METHOD_MATCH = YES;
				COPY_PHASE_STRIP = NO;
				DEBUG_INFORMATION_FORMAT = dwarf;
				DEVELOPMENT_TEAM = WW5K829KP9;
				ENABLE_STRICT_OBJC_MSGSEND = YES;
				ENABLE_TESTABILITY = YES;
				ENABLE_USER_SCRIPT_SANDBOXING = YES;
				GCC_C_LANGUAGE_STANDARD = gnu17;
				GCC_DYNAMIC_NO_PIC = NO;
				GCC_NO_COMMON_BLOCKS = YES;
				GCC_OPTIMIZATION_LEVEL = 0;
				GCC_PREPROCESSOR_DEFINITIONS = (
					"DEBUG=1",
					"$(inherited)",
				);
				GCC_WARN_64_TO_32_BIT_CONVERSION = YES;
				GCC_WARN_ABOUT_RETURN_TYPE = YES_ERROR;
				GCC_WARN_UNDECLARED_SELECTOR = YES;
				GCC_WARN_UNINITIALIZED_AUTOS = YES_AGGRESSIVE;
				GCC_WARN_UNUSED_FUNCTION = YES;
				GCC_WARN_UNUSED_VARIABLE = YES;
				IPHONEOS_DEPLOYMENT_TARGET = 18.4;
				LOCALIZATION_PREFERS_STRING_CATALOGS = YES;
				MTL_ENABLE_DEBUG_INFO = INCLUDE_SOURCE;
				MTL_FAST_MATH = YES;
				ONLY_ACTIVE_ARCH = YES;
				SDKROOT = iphoneos;
				SWIFT_ACTIVE_COMPILATION_CONDITIONS = "DEBUG $(inherited)";
				SWIFT_OPTIMIZATION_LEVEL = "-Onone";
			};
			name = Debug;
		};
		F883C1EC2E03067400364D4E /* Release */ = {
			isa = XCBuildConfiguration;
			buildSettings = {
				ALWAYS_SEARCH_USER_PATHS = NO;
				ASSETCATALOG_COMPILER_GENERATE_SWIFT_ASSET_SYMBOL_EXTENSIONS = YES;
				CLANG_ANALYZER_NONNULL = YES;
				CLANG_ANALYZER_NUMBER_OBJECT_CONVERSION = YES_AGGRESSIVE;
				CLANG_CXX_LANGUAGE_STANDARD = "gnu++20";
				CLANG_ENABLE_MODULES = YES;
				CLANG_ENABLE_OBJC_ARC = YES;
				CLANG_ENABLE_OBJC_WEAK = YES;
				CLANG_WARN_BLOCK_CAPTURE_AUTORELEASING = YES;
				CLANG_WARN_BOOL_CONVERSION = YES;
				CLANG_WARN_COMMA = YES;
				CLANG_WARN_CONSTANT_CONVERSION = YES;
				CLANG_WARN_DEPRECATED_OBJC_IMPLEMENTATIONS = YES;
				CLANG_WARN_DIRECT_OBJC_ISA_USAGE = YES_ERROR;
				CLANG_WARN_DOCUMENTATION_COMMENTS = YES;
				CLANG_WARN_EMPTY_BODY = YES;
				CLANG_WARN_ENUM_CONVERSION = YES;
				CLANG_WARN_INFINITE_RECURSION = YES;
				CLANG_WARN_INT_CONVERSION = YES;
				CLANG_WARN_NON_LITERAL_NULL_CONVERSION = YES;
				CLANG_WARN_OBJC_IMPLICIT_RETAIN_SELF = YES;
				CLANG_WARN_OBJC_LITERAL_CONVERSION = YES;
				CLANG_WARN_OBJC_ROOT_CLASS = YES_ERROR;
				CLANG_WARN_QUOTED_INCLUDE_IN_FRAMEWORK_HEADER = YES;
				CLANG_WARN_RANGE_LOOP_ANALYSIS = YES;
				CLANG_WARN_STRICT_PROTOTYPES = YES;
				CLANG_WARN_SUSPICIOUS_MOVE = YES;
				CLANG_WARN_UNGUARDED_AVAILABILITY = YES_AGGRESSIVE;
				CLANG_WARN_UNREACHABLE_CODE = YES;
				CLANG_WARN__DUPLICATE_METHOD_MATCH = YES;
				COPY_PHASE_STRIP = NO;
				DEBUG_INFORMATION_FORMAT = "dwarf-with-dsym";
				DEVELOPMENT_TEAM = WW5K829KP9;
				ENABLE_NS_ASSERTIONS = NO;
				ENABLE_STRICT_OBJC_MSGSEND = YES;
				ENABLE_USER_SCRIPT_SANDBOXING = YES;
				GCC_C_LANGUAGE_STANDARD = gnu17;
				GCC_NO_COMMON_BLOCKS = YES;
				GCC_WARN_64_TO_32_BIT_CONVERSION = YES;
				GCC_WARN_ABOUT_RETURN_TYPE = YES_ERROR;
				GCC_WARN_UNDECLARED_SELECTOR = YES;
				GCC_WARN_UNINITIALIZED_AUTOS = YES_AGGRESSIVE;
				GCC_WARN_UNUSED_FUNCTION = YES;
				GCC_WARN_UNUSED_VARIABLE = YES;
				IPHONEOS_DEPLOYMENT_TARGET = 18.4;
				LOCALIZATION_PREFERS_STRING_CATALOGS = YES;
				MTL_ENABLE_DEBUG_INFO = NO;
				MTL_FAST_MATH = YES;
				SDKROOT = iphoneos;
				SWIFT_COMPILATION_MODE = wholemodule;
				VALIDATE_PRODUCT = YES;
			};
			name = Release;
		};
		F883C1EE2E03067400364D4E /* Debug */ = {
			isa = XCBuildConfiguration;
			buildSettings = {
				ASSETCATALOG_COMPILER_APPICON_NAME = AppIcon;
				ASSETCATALOG_COMPILER_GLOBAL_ACCENT_COLOR_NAME = AccentColor;
				CODE_SIGN_STYLE = Automatic;
				CURRENT_PROJECT_VERSION = 1;
				DEVELOPMENT_TEAM = WW5K829KP9;
				ENABLE_PREVIEWS = YES;
				GENERATE_INFOPLIST_FILE = YES;
				INFOPLIST_KEY_NSLocationWhenInUseUsageDescription = "Necesitamos tu ubicacion para determinar puntos de recogida cercanos";
				INFOPLIST_KEY_UIApplicationSceneManifest_Generation = YES;
				INFOPLIST_KEY_UIApplicationSupportsIndirectInputEvents = YES;
				INFOPLIST_KEY_UILaunchScreen_Generation = YES;
				INFOPLIST_KEY_UISupportedInterfaceOrientations = UIInterfaceOrientationPortrait;
				LD_RUNPATH_SEARCH_PATHS = (
					"$(inherited)",
					"@executable_path/Frameworks",
				);
				MARKETING_VERSION = 1.0;
				PRODUCT_BUNDLE_IDENTIFIER = com.DanielBeltran.MercadoLibreMobileChallenge;
				PRODUCT_NAME = "$(TARGET_NAME)";
				SUPPORTED_PLATFORMS = "iphoneos iphonesimulator";
				SUPPORTS_MACCATALYST = NO;
				SUPPORTS_MAC_DESIGNED_FOR_IPHONE_IPAD = NO;
				SUPPORTS_XR_DESIGNED_FOR_IPHONE_IPAD = NO;
				SWIFT_EMIT_LOC_STRINGS = YES;
				SWIFT_VERSION = 5.0;
				TARGETED_DEVICE_FAMILY = 1;
			};
			name = Debug;
		};
		F883C1EF2E03067400364D4E /* Release */ = {
			isa = XCBuildConfiguration;
			buildSettings = {
				ASSETCATALOG_COMPILER_APPICON_NAME = AppIcon;
				ASSETCATALOG_COMPILER_GLOBAL_ACCENT_COLOR_NAME = AccentColor;
				CODE_SIGN_STYLE = Automatic;
				CURRENT_PROJECT_VERSION = 1;
				DEVELOPMENT_TEAM = WW5K829KP9;
				ENABLE_PREVIEWS = YES;
				GENERATE_INFOPLIST_FILE = YES;
				INFOPLIST_KEY_NSLocationWhenInUseUsageDescription = "Necesitamos tu ubicacion para determinar puntos de recogida cercanos";
				INFOPLIST_KEY_UIApplicationSceneManifest_Generation = YES;
				INFOPLIST_KEY_UIApplicationSupportsIndirectInputEvents = YES;
				INFOPLIST_KEY_UILaunchScreen_Generation = YES;
				INFOPLIST_KEY_UISupportedInterfaceOrientations = UIInterfaceOrientationPortrait;
				LD_RUNPATH_SEARCH_PATHS = (
					"$(inherited)",
					"@executable_path/Frameworks",
				);
				MARKETING_VERSION = 1.0;
				PRODUCT_BUNDLE_IDENTIFIER = com.DanielBeltran.MercadoLibreMobileChallenge;
				PRODUCT_NAME = "$(TARGET_NAME)";
				SUPPORTED_PLATFORMS = "iphoneos iphonesimulator";
				SUPPORTS_MACCATALYST = NO;
				SUPPORTS_MAC_DESIGNED_FOR_IPHONE_IPAD = NO;
				SUPPORTS_XR_DESIGNED_FOR_IPHONE_IPAD = NO;
				SWIFT_EMIT_LOC_STRINGS = YES;
				SWIFT_VERSION = 5.0;
				TARGETED_DEVICE_FAMILY = 1;
			};
			name = Release;
		};
		F8D8DEB02E07861900D3DB26 /* Debug */ = {
			isa = XCBuildConfiguration;
			buildSettings = {
				CODE_SIGN_STYLE = Automatic;
				CURRENT_PROJECT_VERSION = 1;
				DEVELOPMENT_TEAM = WW5K829KP9;
				GENERATE_INFOPLIST_FILE = YES;
				IPHONEOS_DEPLOYMENT_TARGET = 18.5;
				MARKETING_VERSION = 1.0;
				PRODUCT_BUNDLE_IDENTIFIER = com.DanielBeltran.MercadoLibreMobileChallengeUITests;
				PRODUCT_NAME = "$(TARGET_NAME)";
				SWIFT_EMIT_LOC_STRINGS = NO;
				SWIFT_VERSION = 5.0;
				TARGETED_DEVICE_FAMILY = "1,2";
				TEST_TARGET_NAME = MercadoLibreMobileChallenge;
			};
			name = Debug;
		};
		F8D8DEB12E07861900D3DB26 /* Release */ = {
			isa = XCBuildConfiguration;
			buildSettings = {
				CODE_SIGN_STYLE = Automatic;
				CURRENT_PROJECT_VERSION = 1;
				DEVELOPMENT_TEAM = WW5K829KP9;
				GENERATE_INFOPLIST_FILE = YES;
				IPHONEOS_DEPLOYMENT_TARGET = 18.5;
				MARKETING_VERSION = 1.0;
				PRODUCT_BUNDLE_IDENTIFIER = com.DanielBeltran.MercadoLibreMobileChallengeUITests;
				PRODUCT_NAME = "$(TARGET_NAME)";
				SWIFT_EMIT_LOC_STRINGS = NO;
				SWIFT_VERSION = 5.0;
				TARGETED_DEVICE_FAMILY = "1,2";
				TEST_TARGET_NAME = MercadoLibreMobileChallenge;
			};
			name = Release;
		};
/* End XCBuildConfiguration section */

/* Begin XCConfigurationList section */
		F83D5A2D2E07684C00CE5566 /* Build configuration list for PBXNativeTarget "MercadoLibreMobileChallengeTests" */ = {
			isa = XCConfigurationList;
			buildConfigurations = (
				F83D5A2E2E07684C00CE5566 /* Debug */,
				F83D5A2F2E07684C00CE5566 /* Release */,
			);
			defaultConfigurationIsVisible = 0;
			defaultConfigurationName = Release;
		};
		F883C1DD2E03067300364D4E /* Build configuration list for PBXProject "MercadoLibreMobileChallenge" */ = {
			isa = XCConfigurationList;
			buildConfigurations = (
				F883C1EB2E03067400364D4E /* Debug */,
				F883C1EC2E03067400364D4E /* Release */,
			);
			defaultConfigurationIsVisible = 0;
			defaultConfigurationName = Release;
		};
		F883C1ED2E03067400364D4E /* Build configuration list for PBXNativeTarget "MercadoLibreMobileChallenge" */ = {
			isa = XCConfigurationList;
			buildConfigurations = (
				F883C1EE2E03067400364D4E /* Debug */,
				F883C1EF2E03067400364D4E /* Release */,
			);
			defaultConfigurationIsVisible = 0;
			defaultConfigurationName = Release;
		};
		F8D8DEAF2E07861900D3DB26 /* Build configuration list for PBXNativeTarget "MercadoLibreMobileChallengeUITests" */ = {
			isa = XCConfigurationList;
			buildConfigurations = (
				F8D8DEB02E07861900D3DB26 /* Debug */,
				F8D8DEB12E07861900D3DB26 /* Release */,
			);
			defaultConfigurationIsVisible = 0;
			defaultConfigurationName = Release;
		};
/* End XCConfigurationList section */
	};
	rootObject = F883C1DA2E03067300364D4E /* Project object */;
}
